// !$*UTF8*$!
{
	archiveVersion = 1;
	classes = {
	};
	objectVersion = 56;
	objects = {

/* Begin PBXBuildFile section */
		7B1E8DCC2A6FE9F10047C95F /* HotProspectsApp.swift in Sources */ = {isa = PBXBuildFile; fileRef = 7B1E8DCB2A6FE9F10047C95F /* HotProspectsApp.swift */; };
		7B1E8DCE2A6FE9F10047C95F /* ContentView.swift in Sources */ = {isa = PBXBuildFile; fileRef = 7B1E8DCD2A6FE9F10047C95F /* ContentView.swift */; };
		7B1E8DD02A6FE9F20047C95F /* Assets.xcassets in Resources */ = {isa = PBXBuildFile; fileRef = 7B1E8DCF2A6FE9F20047C95F /* Assets.xcassets */; };
		7B1E8DD32A6FE9F20047C95F /* Preview Assets.xcassets in Resources */ = {isa = PBXBuildFile; fileRef = 7B1E8DD22A6FE9F20047C95F /* Preview Assets.xcassets */; };
		7B1E8DDB2A7005C40047C95F /* EnvironmentObjectView.swift in Sources */ = {isa = PBXBuildFile; fileRef = 7B1E8DDA2A7005C40047C95F /* EnvironmentObjectView.swift */; };
		7B1E8DDD2A7009C00047C95F /* TabsView.swift in Sources */ = {isa = PBXBuildFile; fileRef = 7B1E8DDC2A7009C00047C95F /* TabsView.swift */; };
		7B1E8DDF2A70D7080047C95F /* objectWillChangeView.swift in Sources */ = {isa = PBXBuildFile; fileRef = 7B1E8DDE2A70D7080047C95F /* objectWillChangeView.swift */; };
		7B1E8DE12A70DB910047C95F /* ResultView.swift in Sources */ = {isa = PBXBuildFile; fileRef = 7B1E8DE02A70DB910047C95F /* ResultView.swift */; };
		7B1E8DE32A70DEAA0047C95F /* InterpolationView.swift in Sources */ = {isa = PBXBuildFile; fileRef = 7B1E8DE22A70DEAA0047C95F /* InterpolationView.swift */; };
		7B1E8DE52A70E4440047C95F /* contextMenuView.swift in Sources */ = {isa = PBXBuildFile; fileRef = 7B1E8DE42A70E4440047C95F /* contextMenuView.swift */; };
		7B1E8DE72A70E7C40047C95F /* swipeActionsView.swift in Sources */ = {isa = PBXBuildFile; fileRef = 7B1E8DE62A70E7C40047C95F /* swipeActionsView.swift */; };
		7B1E8DE92A70FC810047C95F /* LocalNotificationsView.swift in Sources */ = {isa = PBXBuildFile; fileRef = 7B1E8DE82A70FC810047C95F /* LocalNotificationsView.swift */; };
		7B1E8DEB2A71068C0047C95F /* DepedenciesView.swift in Sources */ = {isa = PBXBuildFile; fileRef = 7B1E8DEA2A71068C0047C95F /* DepedenciesView.swift */; };
		7B1E8DEE2A7106DE0047C95F /* SamplePackage in Frameworks */ = {isa = PBXBuildFile; productRef = 7B1E8DED2A7106DE0047C95F /* SamplePackage */; };
		7B1E8DF12A7111B40047C95F /* ProspectsView.swift in Sources */ = {isa = PBXBuildFile; fileRef = 7B1E8DF02A7111B40047C95F /* ProspectsView.swift */; };
		7B1E8DF32A7111C90047C95F /* MeView.swift in Sources */ = {isa = PBXBuildFile; fileRef = 7B1E8DF22A7111C90047C95F /* MeView.swift */; };
		7B1E8DF92A7116CE0047C95F /* ProspectsViewModel.swift in Sources */ = {isa = PBXBuildFile; fileRef = 7B1E8DF82A7116CE0047C95F /* ProspectsViewModel.swift */; };
		7B1E8DFC2A714EC90047C95F /* MeViewModel.swift in Sources */ = {isa = PBXBuildFile; fileRef = 7B1E8DFB2A714EC80047C95F /* MeViewModel.swift */; };
		7B1E8DFF2A7169230047C95F /* CodeScanner in Frameworks */ = {isa = PBXBuildFile; productRef = 7B1E8DFE2A7169230047C95F /* CodeScanner */; };
		7B1E8E012A722FCF0047C95F /* ImageSaver.swift in Sources */ = {isa = PBXBuildFile; fileRef = 7B1E8E002A722FCF0047C95F /* ImageSaver.swift */; };
		7B1E8E042A725BB70047C95F /* DocumentsDirectory.swift in Sources */ = {isa = PBXBuildFile; fileRef = 7B1E8E032A725BB70047C95F /* DocumentsDirectory.swift */; };
/* End PBXBuildFile section */

/* Begin PBXFileReference section */
		7B1E8DC82A6FE9F10047C95F /* HotProspects.app */ = {isa = PBXFileReference; explicitFileType = wrapper.application; includeInIndex = 0; path = HotProspects.app; sourceTree = BUILT_PRODUCTS_DIR; };
		7B1E8DCB2A6FE9F10047C95F /* HotProspectsApp.swift */ = {isa = PBXFileReference; lastKnownFileType = sourcecode.swift; path = HotProspectsApp.swift; sourceTree = "<group>"; };
		7B1E8DCD2A6FE9F10047C95F /* ContentView.swift */ = {isa = PBXFileReference; lastKnownFileType = sourcecode.swift; path = ContentView.swift; sourceTree = "<group>"; };
		7B1E8DCF2A6FE9F20047C95F /* Assets.xcassets */ = {isa = PBXFileReference; lastKnownFileType = folder.assetcatalog; path = Assets.xcassets; sourceTree = "<group>"; };
		7B1E8DD22A6FE9F20047C95F /* Preview Assets.xcassets */ = {isa = PBXFileReference; lastKnownFileType = folder.assetcatalog; path = "Preview Assets.xcassets"; sourceTree = "<group>"; };
		7B1E8DDA2A7005C40047C95F /* EnvironmentObjectView.swift */ = {isa = PBXFileReference; lastKnownFileType = sourcecode.swift; path = EnvironmentObjectView.swift; sourceTree = "<group>"; };
		7B1E8DDC2A7009C00047C95F /* TabsView.swift */ = {isa = PBXFileReference; lastKnownFileType = sourcecode.swift; path = TabsView.swift; sourceTree = "<group>"; };
		7B1E8DDE2A70D7080047C95F /* objectWillChangeView.swift */ = {isa = PBXFileReference; lastKnownFileType = sourcecode.swift; path = objectWillChangeView.swift; sourceTree = "<group>"; };
		7B1E8DE02A70DB910047C95F /* ResultView.swift */ = {isa = PBXFileReference; lastKnownFileType = sourcecode.swift; path = ResultView.swift; sourceTree = "<group>"; };
		7B1E8DE22A70DEAA0047C95F /* InterpolationView.swift */ = {isa = PBXFileReference; lastKnownFileType = sourcecode.swift; path = InterpolationView.swift; sourceTree = "<group>"; };
		7B1E8DE42A70E4440047C95F /* contextMenuView.swift */ = {isa = PBXFileReference; lastKnownFileType = sourcecode.swift; path = contextMenuView.swift; sourceTree = "<group>"; };
		7B1E8DE62A70E7C40047C95F /* swipeActionsView.swift */ = {isa = PBXFileReference; lastKnownFileType = sourcecode.swift; path = swipeActionsView.swift; sourceTree = "<group>"; };
		7B1E8DE82A70FC810047C95F /* LocalNotificationsView.swift */ = {isa = PBXFileReference; lastKnownFileType = sourcecode.swift; path = LocalNotificationsView.swift; sourceTree = "<group>"; };
		7B1E8DEA2A71068C0047C95F /* DepedenciesView.swift */ = {isa = PBXFileReference; lastKnownFileType = sourcecode.swift; path = DepedenciesView.swift; sourceTree = "<group>"; };
		7B1E8DF02A7111B40047C95F /* ProspectsView.swift */ = {isa = PBXFileReference; lastKnownFileType = sourcecode.swift; path = ProspectsView.swift; sourceTree = "<group>"; };
		7B1E8DF22A7111C90047C95F /* MeView.swift */ = {isa = PBXFileReference; lastKnownFileType = sourcecode.swift; path = MeView.swift; sourceTree = "<group>"; };
		7B1E8DF82A7116CE0047C95F /* ProspectsViewModel.swift */ = {isa = PBXFileReference; lastKnownFileType = sourcecode.swift; path = ProspectsViewModel.swift; sourceTree = "<group>"; };
		7B1E8DFB2A714EC80047C95F /* MeViewModel.swift */ = {isa = PBXFileReference; lastKnownFileType = sourcecode.swift; path = MeViewModel.swift; sourceTree = "<group>"; };
		7B1E8E002A722FCF0047C95F /* ImageSaver.swift */ = {isa = PBXFileReference; lastKnownFileType = sourcecode.swift; path = ImageSaver.swift; sourceTree = "<group>"; };
		7B1E8E022A723D7D0047C95F /* Info.plist */ = {isa = PBXFileReference; lastKnownFileType = text.plist; path = Info.plist; sourceTree = "<group>"; };
		7B1E8E032A725BB70047C95F /* DocumentsDirectory.swift */ = {isa = PBXFileReference; lastKnownFileType = sourcecode.swift; path = DocumentsDirectory.swift; sourceTree = "<group>"; };
/* End PBXFileReference section */

/* Begin PBXFrameworksBuildPhase section */
		7B1E8DC52A6FE9F10047C95F /* Frameworks */ = {
			isa = PBXFrameworksBuildPhase;
			buildActionMask = 2147483647;
			files = (
				7B1E8DFF2A7169230047C95F /* CodeScanner in Frameworks */,
				7B1E8DEE2A7106DE0047C95F /* SamplePackage in Frameworks */,
			);
			runOnlyForDeploymentPostprocessing = 0;
		};
/* End PBXFrameworksBuildPhase section */

/* Begin PBXGroup section */
		7B1E8DBF2A6FE9F10047C95F = {
			isa = PBXGroup;
			children = (
				7B1E8DCA2A6FE9F10047C95F /* HotProspects */,
				7B1E8DC92A6FE9F10047C95F /* Products */,
			);
			sourceTree = "<group>";
		};
		7B1E8DC92A6FE9F10047C95F /* Products */ = {
			isa = PBXGroup;
			children = (
				7B1E8DC82A6FE9F10047C95F /* HotProspects.app */,
			);
			name = Products;
			sourceTree = "<group>";
		};
		7B1E8DCA2A6FE9F10047C95F /* HotProspects */ = {
			isa = PBXGroup;
			children = (
				7B1E8E022A723D7D0047C95F /* Info.plist */,
				7B1E8DCB2A6FE9F10047C95F /* HotProspectsApp.swift */,
				7B1E8E002A722FCF0047C95F /* ImageSaver.swift */,
				7B1E8E052A725C0E0047C95F /* Extension */,
				7B1E8DEF2A7111AA0047C95F /* View */,
				7B1E8DFA2A7116D20047C95F /* ViewModel */,
				7B1E8DD92A7005AD0047C95F /* Introduction */,
				7B1E8DCF2A6FE9F20047C95F /* Assets.xcassets */,
				7B1E8DD12A6FE9F20047C95F /* Preview Content */,
			);
			path = HotProspects;
			sourceTree = "<group>";
		};
		7B1E8DD12A6FE9F20047C95F /* Preview Content */ = {
			isa = PBXGroup;
			children = (
				7B1E8DD22A6FE9F20047C95F /* Preview Assets.xcassets */,
			);
			path = "Preview Content";
			sourceTree = "<group>";
		};
		7B1E8DD92A7005AD0047C95F /* Introduction */ = {
			isa = PBXGroup;
			children = (
				7B1E8DDA2A7005C40047C95F /* EnvironmentObjectView.swift */,
				7B1E8DDC2A7009C00047C95F /* TabsView.swift */,
				7B1E8DDE2A70D7080047C95F /* objectWillChangeView.swift */,
				7B1E8DE02A70DB910047C95F /* ResultView.swift */,
				7B1E8DE22A70DEAA0047C95F /* InterpolationView.swift */,
				7B1E8DE42A70E4440047C95F /* contextMenuView.swift */,
				7B1E8DE62A70E7C40047C95F /* swipeActionsView.swift */,
				7B1E8DE82A70FC810047C95F /* LocalNotificationsView.swift */,
				7B1E8DEA2A71068C0047C95F /* DepedenciesView.swift */,
			);
			path = Introduction;
			sourceTree = "<group>";
		};
		7B1E8DEF2A7111AA0047C95F /* View */ = {
			isa = PBXGroup;
			children = (
				7B1E8DCD2A6FE9F10047C95F /* ContentView.swift */,
				7B1E8DF02A7111B40047C95F /* ProspectsView.swift */,
				7B1E8DF22A7111C90047C95F /* MeView.swift */,
			);
			path = View;
			sourceTree = "<group>";
		};
		7B1E8DFA2A7116D20047C95F /* ViewModel */ = {
			isa = PBXGroup;
			children = (
				7B1E8DF82A7116CE0047C95F /* ProspectsViewModel.swift */,
				7B1E8DFB2A714EC80047C95F /* MeViewModel.swift */,
			);
			path = ViewModel;
			sourceTree = "<group>";
		};
		7B1E8E052A725C0E0047C95F /* Extension */ = {
			isa = PBXGroup;
			children = (
				7B1E8E032A725BB70047C95F /* DocumentsDirectory.swift */,
			);
			path = Extension;
			sourceTree = "<group>";
		};
/* End PBXGroup section */

/* Begin PBXNativeTarget section */
		7B1E8DC72A6FE9F10047C95F /* HotProspects */ = {
			isa = PBXNativeTarget;
			buildConfigurationList = 7B1E8DD62A6FE9F20047C95F /* Build configuration list for PBXNativeTarget "HotProspects" */;
			buildPhases = (
				7B1E8DC42A6FE9F10047C95F /* Sources */,
				7B1E8DC52A6FE9F10047C95F /* Frameworks */,
				7B1E8DC62A6FE9F10047C95F /* Resources */,
			);
			buildRules = (
			);
			dependencies = (
			);
			name = HotProspects;
			packageProductDependencies = (
				7B1E8DED2A7106DE0047C95F /* SamplePackage */,
				7B1E8DFE2A7169230047C95F /* CodeScanner */,
			);
			productName = HotProspects;
			productReference = 7B1E8DC82A6FE9F10047C95F /* HotProspects.app */;
			productType = "com.apple.product-type.application";
		};
/* End PBXNativeTarget section */

/* Begin PBXProject section */
		7B1E8DC02A6FE9F10047C95F /* Project object */ = {
			isa = PBXProject;
			attributes = {
				BuildIndependentTargetsInParallel = 1;
				LastSwiftUpdateCheck = 1430;
				LastUpgradeCheck = 1430;
				TargetAttributes = {
					7B1E8DC72A6FE9F10047C95F = {
						CreatedOnToolsVersion = 14.3;
					};
				};
			};
			buildConfigurationList = 7B1E8DC32A6FE9F10047C95F /* Build configuration list for PBXProject "HotProspects" */;
			compatibilityVersion = "Xcode 14.0";
			developmentRegion = en;
			hasScannedForEncodings = 0;
			knownRegions = (
				en,
				Base,
			);
			mainGroup = 7B1E8DBF2A6FE9F10047C95F;
			packageReferences = (
				7B1E8DEC2A7106DE0047C95F /* XCRemoteSwiftPackageReference "SamplePackage" */,
				7B1E8DFD2A7169230047C95F /* XCRemoteSwiftPackageReference "CodeScanner" */,
			);
			productRefGroup = 7B1E8DC92A6FE9F10047C95F /* Products */;
			projectDirPath = "";
			projectRoot = "";
			targets = (
				7B1E8DC72A6FE9F10047C95F /* HotProspects */,
			);
		};
/* End PBXProject section */

/* Begin PBXResourcesBuildPhase section */
		7B1E8DC62A6FE9F10047C95F /* Resources */ = {
			isa = PBXResourcesBuildPhase;
			buildActionMask = 2147483647;
			files = (
				7B1E8DD32A6FE9F20047C95F /* Preview Assets.xcassets in Resources */,
				7B1E8DD02A6FE9F20047C95F /* Assets.xcassets in Resources */,
			);
			runOnlyForDeploymentPostprocessing = 0;
		};
/* End PBXResourcesBuildPhase section */

/* Begin PBXSourcesBuildPhase section */
		7B1E8DC42A6FE9F10047C95F /* Sources */ = {
			isa = PBXSourcesBuildPhase;
			buildActionMask = 2147483647;
			files = (
				7B1E8DF12A7111B40047C95F /* ProspectsView.swift in Sources */,
				7B1E8DEB2A71068C0047C95F /* DepedenciesView.swift in Sources */,
				7B1E8DCE2A6FE9F10047C95F /* ContentView.swift in Sources */,
				7B1E8DE32A70DEAA0047C95F /* InterpolationView.swift in Sources */,
				7B1E8DCC2A6FE9F10047C95F /* HotProspectsApp.swift in Sources */,
				7B1E8E042A725BB70047C95F /* DocumentsDirectory.swift in Sources */,
				7B1E8DDF2A70D7080047C95F /* objectWillChangeView.swift in Sources */,
				7B1E8DE72A70E7C40047C95F /* swipeActionsView.swift in Sources */,
				7B1E8DDD2A7009C00047C95F /* TabsView.swift in Sources */,
				7B1E8DE52A70E4440047C95F /* contextMenuView.swift in Sources */,
				7B1E8DFC2A714EC90047C95F /* MeViewModel.swift in Sources */,
				7B1E8DDB2A7005C40047C95F /* EnvironmentObjectView.swift in Sources */,
				7B1E8DE12A70DB910047C95F /* ResultView.swift in Sources */,
				7B1E8DE92A70FC810047C95F /* LocalNotificationsView.swift in Sources */,
				7B1E8DF32A7111C90047C95F /* MeView.swift in Sources */,
				7B1E8DF92A7116CE0047C95F /* ProspectsViewModel.swift in Sources */,
				7B1E8E012A722FCF0047C95F /* ImageSaver.swift in Sources */,
			);
			runOnlyForDeploymentPostprocessing = 0;
		};
/* End PBXSourcesBuildPhase section */

/* Begin XCBuildConfiguration section */
		7B1E8DD42A6FE9F20047C95F /* Debug */ = {
			isa = XCBuildConfiguration;
			buildSettings = {
				ALWAYS_SEARCH_USER_PATHS = NO;
				CLANG_ANALYZER_NONNULL = YES;
				CLANG_ANALYZER_NUMBER_OBJECT_CONVERSION = YES_AGGRESSIVE;
				CLANG_CXX_LANGUAGE_STANDARD = "gnu++20";
				CLANG_ENABLE_MODULES = YES;
				CLANG_ENABLE_OBJC_ARC = YES;
				CLANG_ENABLE_OBJC_WEAK = YES;
				CLANG_WARN_BLOCK_CAPTURE_AUTORELEASING = YES;
				CLANG_WARN_BOOL_CONVERSION = YES;
				CLANG_WARN_COMMA = YES;
				CLANG_WARN_CONSTANT_CONVERSION = YES;
				CLANG_WARN_DEPRECATED_OBJC_IMPLEMENTATIONS = YES;
				CLANG_WARN_DIRECT_OBJC_ISA_USAGE = YES_ERROR;
				CLANG_WARN_DOCUMENTATION_COMMENTS = YES;
				CLANG_WARN_EMPTY_BODY = YES;
				CLANG_WARN_ENUM_CONVERSION = YES;
				CLANG_WARN_INFINITE_RECURSION = YES;
				CLANG_WARN_INT_CONVERSION = YES;
				CLANG_WARN_NON_LITERAL_NULL_CONVERSION = YES;
				CLANG_WARN_OBJC_IMPLICIT_RETAIN_SELF = YES;
				CLANG_WARN_OBJC_LITERAL_CONVERSION = YES;
				CLANG_WARN_OBJC_ROOT_CLASS = YES_ERROR;
				CLANG_WARN_QUOTED_INCLUDE_IN_FRAMEWORK_HEADER = YES;
				CLANG_WARN_RANGE_LOOP_ANALYSIS = YES;
				CLANG_WARN_STRICT_PROTOTYPES = YES;
				CLANG_WARN_SUSPICIOUS_MOVE = YES;
				CLANG_WARN_UNGUARDED_AVAILABILITY = YES_AGGRESSIVE;
				CLANG_WARN_UNREACHABLE_CODE = YES;
				CLANG_WARN__DUPLICATE_METHOD_MATCH = YES;
				COPY_PHASE_STRIP = NO;
				DEBUG_INFORMATION_FORMAT = dwarf;
				ENABLE_STRICT_OBJC_MSGSEND = YES;
				ENABLE_TESTABILITY = YES;
				GCC_C_LANGUAGE_STANDARD = gnu11;
				GCC_DYNAMIC_NO_PIC = NO;
				GCC_NO_COMMON_BLOCKS = YES;
				GCC_OPTIMIZATION_LEVEL = 0;
				GCC_PREPROCESSOR_DEFINITIONS = (
					"DEBUG=1",
					"$(inherited)",
				);
				GCC_WARN_64_TO_32_BIT_CONVERSION = YES;
				GCC_WARN_ABOUT_RETURN_TYPE = YES_ERROR;
				GCC_WARN_UNDECLARED_SELECTOR = YES;
				GCC_WARN_UNINITIALIZED_AUTOS = YES_AGGRESSIVE;
				GCC_WARN_UNUSED_FUNCTION = YES;
				GCC_WARN_UNUSED_VARIABLE = YES;
				IPHONEOS_DEPLOYMENT_TARGET = 16.4;
				MTL_ENABLE_DEBUG_INFO = INCLUDE_SOURCE;
				MTL_FAST_MATH = YES;
				ONLY_ACTIVE_ARCH = YES;
				SDKROOT = iphoneos;
				SWIFT_ACTIVE_COMPILATION_CONDITIONS = DEBUG;
				SWIFT_OPTIMIZATION_LEVEL = "-Onone";
			};
			name = Debug;
		};
		7B1E8DD52A6FE9F20047C95F /* Release */ = {
			isa = XCBuildConfiguration;
			buildSettings = {
				ALWAYS_SEARCH_USER_PATHS = NO;
				CLANG_ANALYZER_NONNULL = YES;
				CLANG_ANALYZER_NUMBER_OBJECT_CONVERSION = YES_AGGRESSIVE;
				CLANG_CXX_LANGUAGE_STANDARD = "gnu++20";
				CLANG_ENABLE_MODULES = YES;
				CLANG_ENABLE_OBJC_ARC = YES;
				CLANG_ENABLE_OBJC_WEAK = YES;
				CLANG_WARN_BLOCK_CAPTURE_AUTORELEASING = YES;
				CLANG_WARN_BOOL_CONVERSION = YES;
				CLANG_WARN_COMMA = YES;
				CLANG_WARN_CONSTANT_CONVERSION = YES;
				CLANG_WARN_DEPRECATED_OBJC_IMPLEMENTATIONS = YES;
				CLANG_WARN_DIRECT_OBJC_ISA_USAGE = YES_ERROR;
				CLANG_WARN_DOCUMENTATION_COMMENTS = YES;
				CLANG_WARN_EMPTY_BODY = YES;
				CLANG_WARN_ENUM_CONVERSION = YES;
				CLANG_WARN_INFINITE_RECURSION = YES;
				CLANG_WARN_INT_CONVERSION = YES;
				CLANG_WARN_NON_LITERAL_NULL_CONVERSION = YES;
				CLANG_WARN_OBJC_IMPLICIT_RETAIN_SELF = YES;
				CLANG_WARN_OBJC_LITERAL_CONVERSION = YES;
				CLANG_WARN_OBJC_ROOT_CLASS = YES_ERROR;
				CLANG_WARN_QUOTED_INCLUDE_IN_FRAMEWORK_HEADER = YES;
				CLANG_WARN_RANGE_LOOP_ANALYSIS = YES;
				CLANG_WARN_STRICT_PROTOTYPES = YES;
				CLANG_WARN_SUSPICIOUS_MOVE = YES;
				CLANG_WARN_UNGUARDED_AVAILABILITY = YES_AGGRESSIVE;
				CLANG_WARN_UNREACHABLE_CODE = YES;
				CLANG_WARN__DUPLICATE_METHOD_MATCH = YES;
				COPY_PHASE_STRIP = NO;
				DEBUG_INFORMATION_FORMAT = "dwarf-with-dsym";
				ENABLE_NS_ASSERTIONS = NO;
				ENABLE_STRICT_OBJC_MSGSEND = YES;
				GCC_C_LANGUAGE_STANDARD = gnu11;
				GCC_NO_COMMON_BLOCKS = YES;
				GCC_WARN_64_TO_32_BIT_CONVERSION = YES;
				GCC_WARN_ABOUT_RETURN_TYPE = YES_ERROR;
				GCC_WARN_UNDECLARED_SELECTOR = YES;
				GCC_WARN_UNINITIALIZED_AUTOS = YES_AGGRESSIVE;
				GCC_WARN_UNUSED_FUNCTION = YES;
				GCC_WARN_UNUSED_VARIABLE = YES;
				IPHONEOS_DEPLOYMENT_TARGET = 16.4;
				MTL_ENABLE_DEBUG_INFO = NO;
				MTL_FAST_MATH = YES;
				SDKROOT = iphoneos;
				SWIFT_COMPILATION_MODE = wholemodule;
				SWIFT_OPTIMIZATION_LEVEL = "-O";
				VALIDATE_PRODUCT = YES;
			};
			name = Release;
		};
		7B1E8DD72A6FE9F20047C95F /* Debug */ = {
			isa = XCBuildConfiguration;
			buildSettings = {
				ASSETCATALOG_COMPILER_APPICON_NAME = AppIcon;
				ASSETCATALOG_COMPILER_GLOBAL_ACCENT_COLOR_NAME = AccentColor;
				CODE_SIGN_STYLE = Automatic;
				CURRENT_PROJECT_VERSION = 1;
				DEVELOPMENT_ASSET_PATHS = "\"HotProspects/Preview Content\"";
				DEVELOPMENT_TEAM = B9S7PB8R45;
				ENABLE_PREVIEWS = YES;
				GENERATE_INFOPLIST_FILE = YES;
				INFOPLIST_FILE = HotProspects/Info.plist;
				INFOPLIST_KEY_NSCameraUsageDescription = "We need to scan QR codes.";
				INFOPLIST_KEY_NSPhotoLibraryAddUsageDescription = "We need to save QR codes.";
				INFOPLIST_KEY_UIApplicationSceneManifest_Generation = YES;
				INFOPLIST_KEY_UIApplicationSupportsIndirectInputEvents = YES;
				INFOPLIST_KEY_UILaunchScreen_Generation = YES;
				INFOPLIST_KEY_UISupportedInterfaceOrientations_iPad = "UIInterfaceOrientationPortrait UIInterfaceOrientationPortraitUpsideDown UIInterfaceOrientationLandscapeLeft UIInterfaceOrientationLandscapeRight";
				INFOPLIST_KEY_UISupportedInterfaceOrientations_iPhone = "UIInterfaceOrientationPortrait UIInterfaceOrientationLandscapeLeft UIInterfaceOrientationLandscapeRight";
				LD_RUNPATH_SEARCH_PATHS = (
					"$(inherited)",
					"@executable_path/Frameworks",
				);
				MARKETING_VERSION = 1.0;
				PRODUCT_BUNDLE_IDENTIFIER = com.pagopatito.HotProspects;
				PRODUCT_NAME = "$(TARGET_NAME)";
				SWIFT_EMIT_LOC_STRINGS = YES;
				SWIFT_VERSION = 5.0;
				TARGETED_DEVICE_FAMILY = "1,2";
			};
			name = Debug;
		};
		7B1E8DD82A6FE9F20047C95F /* Release */ = {
			isa = XCBuildConfiguration;
			buildSettings = {
				ASSETCATALOG_COMPILER_APPICON_NAME = AppIcon;
				ASSETCATALOG_COMPILER_GLOBAL_ACCENT_COLOR_NAME = AccentColor;
				CODE_SIGN_STYLE = Automatic;
				CURRENT_PROJECT_VERSION = 1;
				DEVELOPMENT_ASSET_PATHS = "\"HotProspects/Preview Content\"";
				DEVELOPMENT_TEAM = B9S7PB8R45;
				ENABLE_PREVIEWS = YES;
				GENERATE_INFOPLIST_FILE = YES;
				INFOPLIST_FILE = HotProspects/Info.plist;
				INFOPLIST_KEY_NSCameraUsageDescription = "We need to scan QR codes.";
				INFOPLIST_KEY_NSPhotoLibraryAddUsageDescription = "We need to save QR codes.";
				INFOPLIST_KEY_UIApplicationSceneManifest_Generation = YES;
				INFOPLIST_KEY_UIApplicationSupportsIndirectInputEvents = YES;
				INFOPLIST_KEY_UILaunchScreen_Generation = YES;
				INFOPLIST_KEY_UISupportedInterfaceOrientations_iPad = "UIInterfaceOrientationPortrait UIInterfaceOrientationPortraitUpsideDown UIInterfaceOrientationLandscapeLeft UIInterfaceOrientationLandscapeRight";
				INFOPLIST_KEY_UISupportedInterfaceOrientations_iPhone = "UIInterfaceOrientationPortrait UIInterfaceOrientationLandscapeLeft UIInterfaceOrientationLandscapeRight";
				LD_RUNPATH_SEARCH_PATHS = (
					"$(inherited)",
					"@executable_path/Frameworks",
				);
				MARKETING_VERSION = 1.0;
				PRODUCT_BUNDLE_IDENTIFIER = com.pagopatito.HotProspects;
				PRODUCT_NAME = "$(TARGET_NAME)";
				SWIFT_EMIT_LOC_STRINGS = YES;
				SWIFT_VERSION = 5.0;
				TARGETED_DEVICE_FAMILY = "1,2";
			};
			name = Release;
		};
/* End XCBuildConfiguration section */

/* Begin XCConfigurationList section */
		7B1E8DC32A6FE9F10047C95F /* Build configuration list for PBXProject "HotProspects" */ = {
			isa = XCConfigurationList;
			buildConfigurations = (
				7B1E8DD42A6FE9F20047C95F /* Debug */,
				7B1E8DD52A6FE9F20047C95F /* Release */,
			);
			defaultConfigurationIsVisible = 0;
			defaultConfigurationName = Release;
		};
		7B1E8DD62A6FE9F20047C95F /* Build configuration list for PBXNativeTarget "HotProspects" */ = {
			isa = XCConfigurationList;
			buildConfigurations = (
				7B1E8DD72A6FE9F20047C95F /* Debug */,
				7B1E8DD82A6FE9F20047C95F /* Release */,
			);
			defaultConfigurationIsVisible = 0;
			defaultConfigurationName = Release;
		};
/* End XCConfigurationList section */

/* Begin XCRemoteSwiftPackageReference section */
		7B1E8DEC2A7106DE0047C95F /* XCRemoteSwiftPackageReference "SamplePackage" */ = {
			isa = XCRemoteSwiftPackageReference;
			repositoryURL = "https://github.com/twostraws/SamplePackage";
			requirement = {
				kind = upToNextMajorVersion;
				minimumVersion = 1.0.0;
			};
		};
		7B1E8DFD2A7169230047C95F /* XCRemoteSwiftPackageReference "CodeScanner" */ = {
			isa = XCRemoteSwiftPackageReference;
			repositoryURL = "https://github.com/twostraws/CodeScanner";
			requirement = {
				kind = upToNextMajorVersion;
				minimumVersion = 2.0.0;
			};
		};
/* End XCRemoteSwiftPackageReference section */

/* Begin XCSwiftPackageProductDependency section */
		7B1E8DED2A7106DE0047C95F /* SamplePackage */ = {
			isa = XCSwiftPackageProductDependency;
			package = 7B1E8DEC2A7106DE0047C95F /* XCRemoteSwiftPackageReference "SamplePackage" */;
			productName = SamplePackage;
		};
		7B1E8DFE2A7169230047C95F /* CodeScanner */ = {
			isa = XCSwiftPackageProductDependency;
			package = 7B1E8DFD2A7169230047C95F /* XCRemoteSwiftPackageReference "CodeScanner" */;
			productName = CodeScanner;
		};
/* End XCSwiftPackageProductDependency section */
	};
	rootObject = 7B1E8DC02A6FE9F10047C95F /* Project object */;
}
